// !$*UTF8*$!
{
	archiveVersion = 1;
	classes = {
	};
	objectVersion = 50;
	objects = {

/* Begin PBXBuildFile section */
		D6C9582524D357FE0009B18B /* AppDelegate.swift in Sources */ = {isa = PBXBuildFile; fileRef = D6C9582424D357FE0009B18B /* AppDelegate.swift */; };
		D6C9582724D357FE0009B18B /* SceneDelegate.swift in Sources */ = {isa = PBXBuildFile; fileRef = D6C9582624D357FE0009B18B /* SceneDelegate.swift */; };
		D6C9582924D357FE0009B18B /* ContentView.swift in Sources */ = {isa = PBXBuildFile; fileRef = D6C9582824D357FE0009B18B /* ContentView.swift */; };
		D6C9582B24D358020009B18B /* Assets.xcassets in Resources */ = {isa = PBXBuildFile; fileRef = D6C9582A24D358020009B18B /* Assets.xcassets */; };
		D6C9582E24D358020009B18B /* Preview Assets.xcassets in Resources */ = {isa = PBXBuildFile; fileRef = D6C9582D24D358020009B18B /* Preview Assets.xcassets */; };
		D6C9583124D358020009B18B /* LaunchScreen.storyboard in Resources */ = {isa = PBXBuildFile; fileRef = D6C9582F24D358020009B18B /* LaunchScreen.storyboard */; };
		D6C9583C24D358020009B18B /* SwiftFractalTests.swift in Sources */ = {isa = PBXBuildFile; fileRef = D6C9583B24D358020009B18B /* SwiftFractalTests.swift */; };
		D6C9584724D35CC20009B18B /* JuliaFractal.swift in Sources */ = {isa = PBXBuildFile; fileRef = D6C9584624D35CC20009B18B /* JuliaFractal.swift */; };
/* End PBXBuildFile section */

/* Begin PBXContainerItemProxy section */
		D6C9583824D358020009B18B /* PBXContainerItemProxy */ = {
			isa = PBXContainerItemProxy;
			containerPortal = D6C9581924D357FE0009B18B /* Project object */;
			proxyType = 1;
			remoteGlobalIDString = D6C9582024D357FE0009B18B;
			remoteInfo = SwiftFractal;
		};
/* End PBXContainerItemProxy section */

/* Begin PBXFileReference section */
		D6C9582124D357FE0009B18B /* SwiftFractal.app */ = {isa = PBXFileReference; explicitFileType = wrapper.application; includeInIndex = 0; path = SwiftFractal.app; sourceTree = BUILT_PRODUCTS_DIR; };
		D6C9582424D357FE0009B18B /* AppDelegate.swift */ = {isa = PBXFileReference; lastKnownFileType = sourcecode.swift; path = AppDelegate.swift; sourceTree = "<group>"; };
		D6C9582624D357FE0009B18B /* SceneDelegate.swift */ = {isa = PBXFileReference; lastKnownFileType = sourcecode.swift; path = SceneDelegate.swift; sourceTree = "<group>"; };
		D6C9582824D357FE0009B18B /* ContentView.swift */ = {isa = PBXFileReference; lastKnownFileType = sourcecode.swift; path = ContentView.swift; sourceTree = "<group>"; };
		D6C9582A24D358020009B18B /* Assets.xcassets */ = {isa = PBXFileReference; lastKnownFileType = folder.assetcatalog; path = Assets.xcassets; sourceTree = "<group>"; };
		D6C9582D24D358020009B18B /* Preview Assets.xcassets */ = {isa = PBXFileReference; lastKnownFileType = folder.assetcatalog; path = "Preview Assets.xcassets"; sourceTree = "<group>"; };
		D6C9583024D358020009B18B /* Base */ = {isa = PBXFileReference; lastKnownFileType = file.storyboard; name = Base; path = Base.lproj/LaunchScreen.storyboard; sourceTree = "<group>"; };
		D6C9583224D358020009B18B /* Info.plist */ = {isa = PBXFileReference; lastKnownFileType = text.plist.xml; path = Info.plist; sourceTree = "<group>"; };
		D6C9583724D358020009B18B /* SwiftFractalTests.xctest */ = {isa = PBXFileReference; explicitFileType = wrapper.cfbundle; includeInIndex = 0; path = SwiftFractalTests.xctest; sourceTree = BUILT_PRODUCTS_DIR; };
		D6C9583B24D358020009B18B /* SwiftFractalTests.swift */ = {isa = PBXFileReference; lastKnownFileType = sourcecode.swift; path = SwiftFractalTests.swift; sourceTree = "<group>"; };
		D6C9583D24D358020009B18B /* Info.plist */ = {isa = PBXFileReference; lastKnownFileType = text.plist.xml; path = Info.plist; sourceTree = "<group>"; };
		D6C9584624D35CC20009B18B /* JuliaFractal.swift */ = {isa = PBXFileReference; lastKnownFileType = sourcecode.swift; path = JuliaFractal.swift; sourceTree = "<group>"; };
/* End PBXFileReference section */

/* Begin PBXFrameworksBuildPhase section */
		D6C9581E24D357FE0009B18B /* Frameworks */ = {
			isa = PBXFrameworksBuildPhase;
			buildActionMask = 2147483647;
			files = (
			);
			runOnlyForDeploymentPostprocessing = 0;
		};
		D6C9583424D358020009B18B /* Frameworks */ = {
			isa = PBXFrameworksBuildPhase;
			buildActionMask = 2147483647;
			files = (
			);
			runOnlyForDeploymentPostprocessing = 0;
		};
/* End PBXFrameworksBuildPhase section */

/* Begin PBXGroup section */
		D6C9581824D357FE0009B18B = {
			isa = PBXGroup;
			children = (
				D6C9582324D357FE0009B18B /* SwiftFractal */,
				D6C9583A24D358020009B18B /* SwiftFractalTests */,
				D6C9582224D357FE0009B18B /* Products */,
			);
			sourceTree = "<group>";
		};
		D6C9582224D357FE0009B18B /* Products */ = {
			isa = PBXGroup;
			children = (
				D6C9582124D357FE0009B18B /* SwiftFractal.app */,
				D6C9583724D358020009B18B /* SwiftFractalTests.xctest */,
			);
			name = Products;
			sourceTree = "<group>";
		};
		D6C9582324D357FE0009B18B /* SwiftFractal */ = {
			isa = PBXGroup;
			children = (
				D6C9584624D35CC20009B18B /* JuliaFractal.swift */,
				D6C9582424D357FE0009B18B /* AppDelegate.swift */,
				D6C9582624D357FE0009B18B /* SceneDelegate.swift */,
				D6C9582824D357FE0009B18B /* ContentView.swift */,
				D6C9582A24D358020009B18B /* Assets.xcassets */,
				D6C9582F24D358020009B18B /* LaunchScreen.storyboard */,
				D6C9583224D358020009B18B /* Info.plist */,
				D6C9582C24D358020009B18B /* Preview Content */,
			);
			path = SwiftFractal;
			sourceTree = "<group>";
		};
		D6C9582C24D358020009B18B /* Preview Content */ = {
			isa = PBXGroup;
			children = (
				D6C9582D24D358020009B18B /* Preview Assets.xcassets */,
			);
			path = "Preview Content";
			sourceTree = "<group>";
		};
		D6C9583A24D358020009B18B /* SwiftFractalTests */ = {
			isa = PBXGroup;
			children = (
				D6C9583B24D358020009B18B /* SwiftFractalTests.swift */,
				D6C9583D24D358020009B18B /* Info.plist */,
			);
			path = SwiftFractalTests;
			sourceTree = "<group>";
		};
/* End PBXGroup section */

/* Begin PBXNativeTarget section */
		D6C9582024D357FE0009B18B /* SwiftFractal */ = {
			isa = PBXNativeTarget;
			buildConfigurationList = D6C9584024D358020009B18B /* Build configuration list for PBXNativeTarget "SwiftFractal" */;
			buildPhases = (
				D6C9581D24D357FE0009B18B /* Sources */,
				D6C9581E24D357FE0009B18B /* Frameworks */,
				D6C9581F24D357FE0009B18B /* Resources */,
			);
			buildRules = (
			);
			dependencies = (
			);
			name = SwiftFractal;
			productName = SwiftFractal;
			productReference = D6C9582124D357FE0009B18B /* SwiftFractal.app */;
			productType = "com.apple.product-type.application";
		};
		D6C9583624D358020009B18B /* SwiftFractalTests */ = {
			isa = PBXNativeTarget;
			buildConfigurationList = D6C9584324D358020009B18B /* Build configuration list for PBXNativeTarget "SwiftFractalTests" */;
			buildPhases = (
				D6C9583324D358020009B18B /* Sources */,
				D6C9583424D358020009B18B /* Frameworks */,
				D6C9583524D358020009B18B /* Resources */,
			);
			buildRules = (
			);
			dependencies = (
				D6C9583924D358020009B18B /* PBXTargetDependency */,
			);
			name = SwiftFractalTests;
			productName = SwiftFractalTests;
			productReference = D6C9583724D358020009B18B /* SwiftFractalTests.xctest */;
			productType = "com.apple.product-type.bundle.unit-test";
		};
/* End PBXNativeTarget section */

/* Begin PBXProject section */
		D6C9581924D357FE0009B18B /* Project object */ = {
			isa = PBXProject;
			attributes = {
				LastSwiftUpdateCheck = 1130;
				LastUpgradeCheck = 1130;
				ORGANIZATIONNAME = "Krzysztof Drab";
				TargetAttributes = {
					D6C9582024D357FE0009B18B = {
						CreatedOnToolsVersion = 11.3;
					};
					D6C9583624D358020009B18B = {
						CreatedOnToolsVersion = 11.3;
						TestTargetID = D6C9582024D357FE0009B18B;
					};
				};
			};
			buildConfigurationList = D6C9581C24D357FE0009B18B /* Build configuration list for PBXProject "SwiftFractal" */;
			compatibilityVersion = "Xcode 9.3";
			developmentRegion = en;
			hasScannedForEncodings = 0;
			knownRegions = (
				en,
				Base,
			);
			mainGroup = D6C9581824D357FE0009B18B;
			productRefGroup = D6C9582224D357FE0009B18B /* Products */;
			projectDirPath = "";
			projectRoot = "";
			targets = (
				D6C9582024D357FE0009B18B /* SwiftFractal */,
				D6C9583624D358020009B18B /* SwiftFractalTests */,
			);
		};
/* End PBXProject section */

/* Begin PBXResourcesBuildPhase section */
		D6C9581F24D357FE0009B18B /* Resources */ = {
			isa = PBXResourcesBuildPhase;
			buildActionMask = 2147483647;
			files = (
				D6C9583124D358020009B18B /* LaunchScreen.storyboard in Resources */,
				D6C9582E24D358020009B18B /* Preview Assets.xcassets in Resources */,
				D6C9582B24D358020009B18B /* Assets.xcassets in Resources */,
			);
			runOnlyForDeploymentPostprocessing = 0;
		};
		D6C9583524D358020009B18B /* Resources */ = {
			isa = PBXResourcesBuildPhase;
			buildActionMask = 2147483647;
			files = (
			);
			runOnlyForDeploymentPostprocessing = 0;
		};
/* End PBXResourcesBuildPhase section */

/* Begin PBXSourcesBuildPhase section */
		D6C9581D24D357FE0009B18B /* Sources */ = {
			isa = PBXSourcesBuildPhase;
			buildActionMask = 2147483647;
			files = (
				D6C9582524D357FE0009B18B /* AppDelegate.swift in Sources */,
				D6C9582724D357FE0009B18B /* SceneDelegate.swift in Sources */,
				D6C9582924D357FE0009B18B /* ContentView.swift in Sources */,
				D6C9584724D35CC20009B18B /* JuliaFractal.swift in Sources */,
			);
			runOnlyForDeploymentPostprocessing = 0;
		};
		D6C9583324D358020009B18B /* Sources */ = {
			isa = PBXSourcesBuildPhase;
			buildActionMask = 2147483647;
			files = (
				D6C9583C24D358020009B18B /* SwiftFractalTests.swift in Sources */,
			);
			runOnlyForDeploymentPostprocessing = 0;
		};
/* End PBXSourcesBuildPhase section */

/* Begin PBXTargetDependency section */
		D6C9583924D358020009B18B /* PBXTargetDependency */ = {
			isa = PBXTargetDependency;
			target = D6C9582024D357FE0009B18B /* SwiftFractal */;
			targetProxy = D6C9583824D358020009B18B /* PBXContainerItemProxy */;
		};
/* End PBXTargetDependency section */

/* Begin PBXVariantGroup section */
		D6C9582F24D358020009B18B /* LaunchScreen.storyboard */ = {
			isa = PBXVariantGroup;
			children = (
				D6C9583024D358020009B18B /* Base */,
			);
			name = LaunchScreen.storyboard;
			sourceTree = "<group>";
		};
/* End PBXVariantGroup section */

/* Begin XCBuildConfiguration section */
		D6C9583E24D358020009B18B /* Debug */ = {
			isa = XCBuildConfiguration;
			buildSettings = {
				ALWAYS_SEARCH_USER_PATHS = NO;
				CLANG_ANALYZER_NONNULL = YES;
				CLANG_ANALYZER_NUMBER_OBJECT_CONVERSION = YES_AGGRESSIVE;
				CLANG_CXX_LANGUAGE_STANDARD = "gnu++14";
				CLANG_CXX_LIBRARY = "libc++";
				CLANG_ENABLE_MODULES = YES;
				CLANG_ENABLE_OBJC_ARC = YES;
				CLANG_ENABLE_OBJC_WEAK = YES;
				CLANG_WARN_BLOCK_CAPTURE_AUTORELEASING = YES;
				CLANG_WARN_BOOL_CONVERSION = YES;
				CLANG_WARN_COMMA = YES;
				CLANG_WARN_CONSTANT_CONVERSION = YES;
				CLANG_WARN_DEPRECATED_OBJC_IMPLEMENTATIONS = YES;
				CLANG_WARN_DIRECT_OBJC_ISA_USAGE = YES_ERROR;
				CLANG_WARN_DOCUMENTATION_COMMENTS = YES;
				CLANG_WARN_EMPTY_BODY = YES;
				CLANG_WARN_ENUM_CONVERSION = YES;
				CLANG_WARN_INFINITE_RECURSION = YES;
				CLANG_WARN_INT_CONVERSION = YES;
				CLANG_WARN_NON_LITERAL_NULL_CONVERSION = YES;
				CLANG_WARN_OBJC_IMPLICIT_RETAIN_SELF = YES;
				CLANG_WARN_OBJC_LITERAL_CONVERSION = YES;
				CLANG_WARN_OBJC_ROOT_CLASS = YES_ERROR;
				CLANG_WARN_RANGE_LOOP_ANALYSIS = YES;
				CLANG_WARN_STRICT_PROTOTYPES = YES;
				CLANG_WARN_SUSPICIOUS_MOVE = YES;
				CLANG_WARN_UNGUARDED_AVAILABILITY = YES_AGGRESSIVE;
				CLANG_WARN_UNREACHABLE_CODE = YES;
				CLANG_WARN__DUPLICATE_METHOD_MATCH = YES;
				COPY_PHASE_STRIP = NO;
				DEBUG_INFORMATION_FORMAT = dwarf;
				ENABLE_STRICT_OBJC_MSGSEND = YES;
				ENABLE_TESTABILITY = YES;
				GCC_C_LANGUAGE_STANDARD = gnu11;
				GCC_DYNAMIC_NO_PIC = NO;
				GCC_NO_COMMON_BLOCKS = YES;
				GCC_OPTIMIZATION_LEVEL = 0;
				GCC_PREPROCESSOR_DEFINITIONS = (
					"DEBUG=1",
					"$(inherited)",
				);
				GCC_WARN_64_TO_32_BIT_CONVERSION = YES;
				GCC_WARN_ABOUT_RETURN_TYPE = YES_ERROR;
				GCC_WARN_UNDECLARED_SELECTOR = YES;
				GCC_WARN_UNINITIALIZED_AUTOS = YES_AGGRESSIVE;
				GCC_WARN_UNUSED_FUNCTION = YES;
				GCC_WARN_UNUSED_VARIABLE = YES;
				IPHONEOS_DEPLOYMENT_TARGET = 13.2;
				MTL_ENABLE_DEBUG_INFO = INCLUDE_SOURCE;
				MTL_FAST_MATH = YES;
				ONLY_ACTIVE_ARCH = YES;
				SDKROOT = iphoneos;
				SWIFT_ACTIVE_COMPILATION_CONDITIONS = DEBUG;
				SWIFT_OPTIMIZATION_LEVEL = "-Onone";
			};
			name = Debug;
		};
		D6C9583F24D358020009B18B /* Release */ = {
			isa = XCBuildConfiguration;
			buildSettings = {
				ALWAYS_SEARCH_USER_PATHS = NO;
				CLANG_ANALYZER_NONNULL = YES;
				CLANG_ANALYZER_NUMBER_OBJECT_CONVERSION = YES_AGGRESSIVE;
				CLANG_CXX_LANGUAGE_STANDARD = "gnu++14";
				CLANG_CXX_LIBRARY = "libc++";
				CLANG_ENABLE_MODULES = YES;
				CLANG_ENABLE_OBJC_ARC = YES;
				CLANG_ENABLE_OBJC_WEAK = YES;
				CLANG_WARN_BLOCK_CAPTURE_AUTORELEASING = YES;
				CLANG_WARN_BOOL_CONVERSION = YES;
				CLANG_WARN_COMMA = YES;
				CLANG_WARN_CONSTANT_CONVERSION = YES;
				CLANG_WARN_DEPRECATED_OBJC_IMPLEMENTATIONS = YES;
				CLANG_WARN_DIRECT_OBJC_ISA_USAGE = YES_ERROR;
				CLANG_WARN_DOCUMENTATION_COMMENTS = YES;
				CLANG_WARN_EMPTY_BODY = YES;
				CLANG_WARN_ENUM_CONVERSION = YES;
				CLANG_WARN_INFINITE_RECURSION = YES;
				CLANG_WARN_INT_CONVERSION = YES;
				CLANG_WARN_NON_LITERAL_NULL_CONVERSION = YES;
				CLANG_WARN_OBJC_IMPLICIT_RETAIN_SELF = YES;
				CLANG_WARN_OBJC_LITERAL_CONVERSION = YES;
				CLANG_WARN_OBJC_ROOT_CLASS = YES_ERROR;
				CLANG_WARN_RANGE_LOOP_ANALYSIS = YES;
				CLANG_WARN_STRICT_PROTOTYPES = YES;
				CLANG_WARN_SUSPICIOUS_MOVE = YES;
				CLANG_WARN_UNGUARDED_AVAILABILITY = YES_AGGRESSIVE;
				CLANG_WARN_UNREACHABLE_CODE = YES;
				CLANG_WARN__DUPLICATE_METHOD_MATCH = YES;
				COPY_PHASE_STRIP = NO;
				DEBUG_INFORMATION_FORMAT = "dwarf-with-dsym";
				ENABLE_NS_ASSERTIONS = NO;
				ENABLE_STRICT_OBJC_MSGSEND = YES;
				GCC_C_LANGUAGE_STANDARD = gnu11;
				GCC_NO_COMMON_BLOCKS = YES;
				GCC_WARN_64_TO_32_BIT_CONVERSION = YES;
				GCC_WARN_ABOUT_RETURN_TYPE = YES_ERROR;
				GCC_WARN_UNDECLARED_SELECTOR = YES;
				GCC_WARN_UNINITIALIZED_AUTOS = YES_AGGRESSIVE;
				GCC_WARN_UNUSED_FUNCTION = YES;
				GCC_WARN_UNUSED_VARIABLE = YES;
				IPHONEOS_DEPLOYMENT_TARGET = 13.2;
				MTL_ENABLE_DEBUG_INFO = NO;
				MTL_FAST_MATH = YES;
				SDKROOT = iphoneos;
				SWIFT_COMPILATION_MODE = wholemodule;
				SWIFT_OPTIMIZATION_LEVEL = "-O";
				VALIDATE_PRODUCT = YES;
			};
			name = Release;
		};
		D6C9584124D358020009B18B /* Debug */ = {
			isa = XCBuildConfiguration;
			buildSettings = {
				ASSETCATALOG_COMPILER_APPICON_NAME = AppIcon;
				CODE_SIGN_STYLE = Automatic;
				DEVELOPMENT_ASSET_PATHS = "\"SwiftFractal/Preview Content\"";
				DEVELOPMENT_TEAM = 8PN4R734GL;
				ENABLE_PREVIEWS = YES;
				INFOPLIST_FILE = SwiftFractal/Info.plist;
				LD_RUNPATH_SEARCH_PATHS = (
					"$(inherited)",
					"@executable_path/Frameworks",
				);
				PRODUCT_BUNDLE_IDENTIFIER = com.example.SwiftFractal;
				PRODUCT_NAME = "$(TARGET_NAME)";
				SWIFT_VERSION = 5.0;
				TARGETED_DEVICE_FAMILY = "1,2";
			};
			name = Debug;
		};
		D6C9584224D358020009B18B /* Release */ = {
			isa = XCBuildConfiguration;
			buildSettings = {
				ASSETCATALOG_COMPILER_APPICON_NAME = AppIcon;
				CODE_SIGN_STYLE = Automatic;
				DEVELOPMENT_ASSET_PATHS = "\"SwiftFractal/Preview Content\"";
				DEVELOPMENT_TEAM = 8PN4R734GL;
				ENABLE_PREVIEWS = YES;
				INFOPLIST_FILE = SwiftFractal/Info.plist;
				LD_RUNPATH_SEARCH_PATHS = (
					"$(inherited)",
					"@executable_path/Frameworks",
				);
				PRODUCT_BUNDLE_IDENTIFIER = com.example.SwiftFractal;
				PRODUCT_NAME = "$(TARGET_NAME)";
				SWIFT_VERSION = 5.0;
				TARGETED_DEVICE_FAMILY = "1,2";
			};
			name = Release;
		};
		D6C9584424D358020009B18B /* Debug */ = {
			isa = XCBuildConfiguration;
			buildSettings = {
				ALWAYS_EMBED_SWIFT_STANDARD_LIBRARIES = YES;
				BUNDLE_LOADER = "$(TEST_HOST)";
				CODE_SIGN_STYLE = Automatic;
				DEVELOPMENT_TEAM = 8PN4R734GL;
				INFOPLIST_FILE = SwiftFractalTests/Info.plist;
				IPHONEOS_DEPLOYMENT_TARGET = 13.2;
				LD_RUNPATH_SEARCH_PATHS = (
					"$(inherited)",
					"@executable_path/Frameworks",
					"@loader_path/Frameworks",
				);
				PRODUCT_BUNDLE_IDENTIFIER = com.example.SwiftFractalTests;
				PRODUCT_NAME = "$(TARGET_NAME)";
				SWIFT_VERSION = 5.0;
				TARGETED_DEVICE_FAMILY = "1,2";
				TEST_HOST = "$(BUILT_PRODUCTS_DIR)/SwiftFractal.app/SwiftFractal";
			};
			name = Debug;
		};
		D6C9584524D358020009B18B /* Release */ = {
			isa = XCBuildConfiguration;
			buildSettings = {
				ALWAYS_EMBED_SWIFT_STANDARD_LIBRARIES = YES;
				BUNDLE_LOADER = "$(TEST_HOST)";
				CODE_SIGN_STYLE = Automatic;
				DEVELOPMENT_TEAM = 8PN4R734GL;
				INFOPLIST_FILE = SwiftFractalTests/Info.plist;
				IPHONEOS_DEPLOYMENT_TARGET = 13.2;
				LD_RUNPATH_SEARCH_PATHS = (
					"$(inherited)",
					"@executable_path/Frameworks",
					"@loader_path/Frameworks",
				);
				PRODUCT_BUNDLE_IDENTIFIER = com.example.SwiftFractalTests;
				PRODUCT_NAME = "$(TARGET_NAME)";
				SWIFT_VERSION = 5.0;
				TARGETED_DEVICE_FAMILY = "1,2";
				TEST_HOST = "$(BUILT_PRODUCTS_DIR)/SwiftFractal.app/SwiftFractal";
			};
			name = Release;
		};
/* End XCBuildConfiguration section */

/* Begin XCConfigurationList section */
		D6C9581C24D357FE0009B18B /* Build configuration list for PBXProject "SwiftFractal" */ = {
			isa = XCConfigurationList;
			buildConfigurations = (
				D6C9583E24D358020009B18B /* Debug */,
				D6C9583F24D358020009B18B /* Release */,
			);
			defaultConfigurationIsVisible = 0;
			defaultConfigurationName = Release;
		};
		D6C9584024D358020009B18B /* Build configuration list for PBXNativeTarget "SwiftFractal" */ = {
			isa = XCConfigurationList;
			buildConfigurations = (
				D6C9584124D358020009B18B /* Debug */,
				D6C9584224D358020009B18B /* Release */,
			);
			defaultConfigurationIsVisible = 0;
			defaultConfigurationName = Release;
		};
		D6C9584324D358020009B18B /* Build configuration list for PBXNativeTarget "SwiftFractalTests" */ = {
			isa = XCConfigurationList;
			buildConfigurations = (
				D6C9584424D358020009B18B /* Debug */,
				D6C9584524D358020009B18B /* Release */,
			);
			defaultConfigurationIsVisible = 0;
			defaultConfigurationName = Release;
		};
/* End XCConfigurationList section */
	};
	rootObject = D6C9581924D357FE0009B18B /* Project object */;
}
