// !$*UTF8*$!
{
	archiveVersion = 1;
	classes = {
	};
	objectVersion = 50;
	objects = {

/* Begin PBXBuildFile section */
		D6D158C223FB4EA90013D555 /* AppDelegate.swift in Sources */ = {isa = PBXBuildFile; fileRef = D6D158C123FB4EA90013D555 /* AppDelegate.swift */; };
		D6D158C423FB4EA90013D555 /* SceneDelegate.swift in Sources */ = {isa = PBXBuildFile; fileRef = D6D158C323FB4EA90013D555 /* SceneDelegate.swift */; };
		D6D158C623FB4EA90013D555 /* ContentView.swift in Sources */ = {isa = PBXBuildFile; fileRef = D6D158C523FB4EA90013D555 /* ContentView.swift */; };
		D6D158C823FB4EAC0013D555 /* Assets.xcassets in Resources */ = {isa = PBXBuildFile; fileRef = D6D158C723FB4EAC0013D555 /* Assets.xcassets */; };
		D6D158CB23FB4EAC0013D555 /* Preview Assets.xcassets in Resources */ = {isa = PBXBuildFile; fileRef = D6D158CA23FB4EAC0013D555 /* Preview Assets.xcassets */; };
		D6D158CE23FB4EAC0013D555 /* LaunchScreen.storyboard in Resources */ = {isa = PBXBuildFile; fileRef = D6D158CC23FB4EAC0013D555 /* LaunchScreen.storyboard */; };
		D6D158D923FB4EAC0013D555 /* swfit_select_sortTests.swift in Sources */ = {isa = PBXBuildFile; fileRef = D6D158D823FB4EAC0013D555 /* swfit_select_sortTests.swift */; };
/* End PBXBuildFile section */

/* Begin PBXContainerItemProxy section */
		D6D158D523FB4EAC0013D555 /* PBXContainerItemProxy */ = {
			isa = PBXContainerItemProxy;
			containerPortal = D6D158B623FB4EA90013D555 /* Project object */;
			proxyType = 1;
			remoteGlobalIDString = D6D158BD23FB4EA90013D555;
			remoteInfo = swfit_select_sort;
		};
/* End PBXContainerItemProxy section */

/* Begin PBXFileReference section */
		D6D158BE23FB4EA90013D555 /* swfit_select_sort.app */ = {isa = PBXFileReference; explicitFileType = wrapper.application; includeInIndex = 0; path = swfit_select_sort.app; sourceTree = BUILT_PRODUCTS_DIR; };
		D6D158C123FB4EA90013D555 /* AppDelegate.swift */ = {isa = PBXFileReference; lastKnownFileType = sourcecode.swift; path = AppDelegate.swift; sourceTree = "<group>"; };
		D6D158C323FB4EA90013D555 /* SceneDelegate.swift */ = {isa = PBXFileReference; lastKnownFileType = sourcecode.swift; path = SceneDelegate.swift; sourceTree = "<group>"; };
		D6D158C523FB4EA90013D555 /* ContentView.swift */ = {isa = PBXFileReference; lastKnownFileType = sourcecode.swift; path = ContentView.swift; sourceTree = "<group>"; };
		D6D158C723FB4EAC0013D555 /* Assets.xcassets */ = {isa = PBXFileReference; lastKnownFileType = folder.assetcatalog; path = Assets.xcassets; sourceTree = "<group>"; };
		D6D158CA23FB4EAC0013D555 /* Preview Assets.xcassets */ = {isa = PBXFileReference; lastKnownFileType = folder.assetcatalog; path = "Preview Assets.xcassets"; sourceTree = "<group>"; };
		D6D158CD23FB4EAC0013D555 /* Base */ = {isa = PBXFileReference; lastKnownFileType = file.storyboard; name = Base; path = Base.lproj/LaunchScreen.storyboard; sourceTree = "<group>"; };
		D6D158CF23FB4EAC0013D555 /* Info.plist */ = {isa = PBXFileReference; lastKnownFileType = text.plist.xml; path = Info.plist; sourceTree = "<group>"; };
		D6D158D423FB4EAC0013D555 /* swfit_select_sortTests.xctest */ = {isa = PBXFileReference; explicitFileType = wrapper.cfbundle; includeInIndex = 0; path = swfit_select_sortTests.xctest; sourceTree = BUILT_PRODUCTS_DIR; };
		D6D158D823FB4EAC0013D555 /* swfit_select_sortTests.swift */ = {isa = PBXFileReference; lastKnownFileType = sourcecode.swift; path = swfit_select_sortTests.swift; sourceTree = "<group>"; };
		D6D158DA23FB4EAC0013D555 /* Info.plist */ = {isa = PBXFileReference; lastKnownFileType = text.plist.xml; path = Info.plist; sourceTree = "<group>"; };
/* End PBXFileReference section */

/* Begin PBXFrameworksBuildPhase section */
		D6D158BB23FB4EA90013D555 /* Frameworks */ = {
			isa = PBXFrameworksBuildPhase;
			buildActionMask = 2147483647;
			files = (
			);
			runOnlyForDeploymentPostprocessing = 0;
		};
		D6D158D123FB4EAC0013D555 /* Frameworks */ = {
			isa = PBXFrameworksBuildPhase;
			buildActionMask = 2147483647;
			files = (
			);
			runOnlyForDeploymentPostprocessing = 0;
		};
/* End PBXFrameworksBuildPhase section */

/* Begin PBXGroup section */
		D6D158B523FB4EA90013D555 = {
			isa = PBXGroup;
			children = (
				D6D158C023FB4EA90013D555 /* swfit_select_sort */,
				D6D158D723FB4EAC0013D555 /* swfit_select_sortTests */,
				D6D158BF23FB4EA90013D555 /* Products */,
			);
			sourceTree = "<group>";
		};
		D6D158BF23FB4EA90013D555 /* Products */ = {
			isa = PBXGroup;
			children = (
				D6D158BE23FB4EA90013D555 /* swfit_select_sort.app */,
				D6D158D423FB4EAC0013D555 /* swfit_select_sortTests.xctest */,
			);
			name = Products;
			sourceTree = "<group>";
		};
		D6D158C023FB4EA90013D555 /* swfit_select_sort */ = {
			isa = PBXGroup;
			children = (
				D6D158C123FB4EA90013D555 /* AppDelegate.swift */,
				D6D158C323FB4EA90013D555 /* SceneDelegate.swift */,
				D6D158C523FB4EA90013D555 /* ContentView.swift */,
				D6D158C723FB4EAC0013D555 /* Assets.xcassets */,
				D6D158CC23FB4EAC0013D555 /* LaunchScreen.storyboard */,
				D6D158CF23FB4EAC0013D555 /* Info.plist */,
				D6D158C923FB4EAC0013D555 /* Preview Content */,
			);
			path = swfit_select_sort;
			sourceTree = "<group>";
		};
		D6D158C923FB4EAC0013D555 /* Preview Content */ = {
			isa = PBXGroup;
			children = (
				D6D158CA23FB4EAC0013D555 /* Preview Assets.xcassets */,
			);
			path = "Preview Content";
			sourceTree = "<group>";
		};
		D6D158D723FB4EAC0013D555 /* swfit_select_sortTests */ = {
			isa = PBXGroup;
			children = (
				D6D158D823FB4EAC0013D555 /* swfit_select_sortTests.swift */,
				D6D158DA23FB4EAC0013D555 /* Info.plist */,
			);
			path = swfit_select_sortTests;
			sourceTree = "<group>";
		};
/* End PBXGroup section */

/* Begin PBXNativeTarget section */
		D6D158BD23FB4EA90013D555 /* swfit_select_sort */ = {
			isa = PBXNativeTarget;
			buildConfigurationList = D6D158DD23FB4EAC0013D555 /* Build configuration list for PBXNativeTarget "swfit_select_sort" */;
			buildPhases = (
				D6D158BA23FB4EA90013D555 /* Sources */,
				D6D158BB23FB4EA90013D555 /* Frameworks */,
				D6D158BC23FB4EA90013D555 /* Resources */,
			);
			buildRules = (
			);
			dependencies = (
			);
			name = swfit_select_sort;
			productName = swfit_select_sort;
			productReference = D6D158BE23FB4EA90013D555 /* swfit_select_sort.app */;
			productType = "com.apple.product-type.application";
		};
		D6D158D323FB4EAC0013D555 /* swfit_select_sortTests */ = {
			isa = PBXNativeTarget;
			buildConfigurationList = D6D158E023FB4EAC0013D555 /* Build configuration list for PBXNativeTarget "swfit_select_sortTests" */;
			buildPhases = (
				D6D158D023FB4EAC0013D555 /* Sources */,
				D6D158D123FB4EAC0013D555 /* Frameworks */,
				D6D158D223FB4EAC0013D555 /* Resources */,
			);
			buildRules = (
			);
			dependencies = (
				D6D158D623FB4EAC0013D555 /* PBXTargetDependency */,
			);
			name = swfit_select_sortTests;
			productName = swfit_select_sortTests;
			productReference = D6D158D423FB4EAC0013D555 /* swfit_select_sortTests.xctest */;
			productType = "com.apple.product-type.bundle.unit-test";
		};
/* End PBXNativeTarget section */

/* Begin PBXProject section */
		D6D158B623FB4EA90013D555 /* Project object */ = {
			isa = PBXProject;
			attributes = {
				LastSwiftUpdateCheck = 1130;
				LastUpgradeCheck = 1130;
				ORGANIZATIONNAME = "Krzysztof Drab";
				TargetAttributes = {
					D6D158BD23FB4EA90013D555 = {
						CreatedOnToolsVersion = 11.3;
					};
					D6D158D323FB4EAC0013D555 = {
						CreatedOnToolsVersion = 11.3;
						TestTargetID = D6D158BD23FB4EA90013D555;
					};
				};
			};
			buildConfigurationList = D6D158B923FB4EA90013D555 /* Build configuration list for PBXProject "swfit_select_sort" */;
			compatibilityVersion = "Xcode 9.3";
			developmentRegion = en;
			hasScannedForEncodings = 0;
			knownRegions = (
				en,
				Base,
			);
			mainGroup = D6D158B523FB4EA90013D555;
			productRefGroup = D6D158BF23FB4EA90013D555 /* Products */;
			projectDirPath = "";
			projectRoot = "";
			targets = (
				D6D158BD23FB4EA90013D555 /* swfit_select_sort */,
				D6D158D323FB4EAC0013D555 /* swfit_select_sortTests */,
			);
		};
/* End PBXProject section */

/* Begin PBXResourcesBuildPhase section */
		D6D158BC23FB4EA90013D555 /* Resources */ = {
			isa = PBXResourcesBuildPhase;
			buildActionMask = 2147483647;
			files = (
				D6D158CE23FB4EAC0013D555 /* LaunchScreen.storyboard in Resources */,
				D6D158CB23FB4EAC0013D555 /* Preview Assets.xcassets in Resources */,
				D6D158C823FB4EAC0013D555 /* Assets.xcassets in Resources */,
			);
			runOnlyForDeploymentPostprocessing = 0;
		};
		D6D158D223FB4EAC0013D555 /* Resources */ = {
			isa = PBXResourcesBuildPhase;
			buildActionMask = 2147483647;
			files = (
			);
			runOnlyForDeploymentPostprocessing = 0;
		};
/* End PBXResourcesBuildPhase section */

/* Begin PBXSourcesBuildPhase section */
		D6D158BA23FB4EA90013D555 /* Sources */ = {
			isa = PBXSourcesBuildPhase;
			buildActionMask = 2147483647;
			files = (
				D6D158C223FB4EA90013D555 /* AppDelegate.swift in Sources */,
				D6D158C423FB4EA90013D555 /* SceneDelegate.swift in Sources */,
				D6D158C623FB4EA90013D555 /* ContentView.swift in Sources */,
			);
			runOnlyForDeploymentPostprocessing = 0;
		};
		D6D158D023FB4EAC0013D555 /* Sources */ = {
			isa = PBXSourcesBuildPhase;
			buildActionMask = 2147483647;
			files = (
				D6D158D923FB4EAC0013D555 /* swfit_select_sortTests.swift in Sources */,
			);
			runOnlyForDeploymentPostprocessing = 0;
		};
/* End PBXSourcesBuildPhase section */

/* Begin PBXTargetDependency section */
		D6D158D623FB4EAC0013D555 /* PBXTargetDependency */ = {
			isa = PBXTargetDependency;
			target = D6D158BD23FB4EA90013D555 /* swfit_select_sort */;
			targetProxy = D6D158D523FB4EAC0013D555 /* PBXContainerItemProxy */;
		};
/* End PBXTargetDependency section */

/* Begin PBXVariantGroup section */
		D6D158CC23FB4EAC0013D555 /* LaunchScreen.storyboard */ = {
			isa = PBXVariantGroup;
			children = (
				D6D158CD23FB4EAC0013D555 /* Base */,
			);
			name = LaunchScreen.storyboard;
			sourceTree = "<group>";
		};
/* End PBXVariantGroup section */

/* Begin XCBuildConfiguration section */
		D6D158DB23FB4EAC0013D555 /* Debug */ = {
			isa = XCBuildConfiguration;
			buildSettings = {
				ALWAYS_SEARCH_USER_PATHS = NO;
				CLANG_ANALYZER_NONNULL = YES;
				CLANG_ANALYZER_NUMBER_OBJECT_CONVERSION = YES_AGGRESSIVE;
				CLANG_CXX_LANGUAGE_STANDARD = "gnu++14";
				CLANG_CXX_LIBRARY = "libc++";
				CLANG_ENABLE_MODULES = YES;
				CLANG_ENABLE_OBJC_ARC = YES;
				CLANG_ENABLE_OBJC_WEAK = YES;
				CLANG_WARN_BLOCK_CAPTURE_AUTORELEASING = YES;
				CLANG_WARN_BOOL_CONVERSION = YES;
				CLANG_WARN_COMMA = YES;
				CLANG_WARN_CONSTANT_CONVERSION = YES;
				CLANG_WARN_DEPRECATED_OBJC_IMPLEMENTATIONS = YES;
				CLANG_WARN_DIRECT_OBJC_ISA_USAGE = YES_ERROR;
				CLANG_WARN_DOCUMENTATION_COMMENTS = YES;
				CLANG_WARN_EMPTY_BODY = YES;
				CLANG_WARN_ENUM_CONVERSION = YES;
				CLANG_WARN_INFINITE_RECURSION = YES;
				CLANG_WARN_INT_CONVERSION = YES;
				CLANG_WARN_NON_LITERAL_NULL_CONVERSION = YES;
				CLANG_WARN_OBJC_IMPLICIT_RETAIN_SELF = YES;
				CLANG_WARN_OBJC_LITERAL_CONVERSION = YES;
				CLANG_WARN_OBJC_ROOT_CLASS = YES_ERROR;
				CLANG_WARN_RANGE_LOOP_ANALYSIS = YES;
				CLANG_WARN_STRICT_PROTOTYPES = YES;
				CLANG_WARN_SUSPICIOUS_MOVE = YES;
				CLANG_WARN_UNGUARDED_AVAILABILITY = YES_AGGRESSIVE;
				CLANG_WARN_UNREACHABLE_CODE = YES;
				CLANG_WARN__DUPLICATE_METHOD_MATCH = YES;
				COPY_PHASE_STRIP = NO;
				DEBUG_INFORMATION_FORMAT = dwarf;
				ENABLE_STRICT_OBJC_MSGSEND = YES;
				ENABLE_TESTABILITY = YES;
				GCC_C_LANGUAGE_STANDARD = gnu11;
				GCC_DYNAMIC_NO_PIC = NO;
				GCC_NO_COMMON_BLOCKS = YES;
				GCC_OPTIMIZATION_LEVEL = 0;
				GCC_PREPROCESSOR_DEFINITIONS = (
					"DEBUG=1",
					"$(inherited)",
				);
				GCC_WARN_64_TO_32_BIT_CONVERSION = YES;
				GCC_WARN_ABOUT_RETURN_TYPE = YES_ERROR;
				GCC_WARN_UNDECLARED_SELECTOR = YES;
				GCC_WARN_UNINITIALIZED_AUTOS = YES_AGGRESSIVE;
				GCC_WARN_UNUSED_FUNCTION = YES;
				GCC_WARN_UNUSED_VARIABLE = YES;
				IPHONEOS_DEPLOYMENT_TARGET = 13.2;
				MTL_ENABLE_DEBUG_INFO = INCLUDE_SOURCE;
				MTL_FAST_MATH = YES;
				ONLY_ACTIVE_ARCH = YES;
				SDKROOT = iphoneos;
				SWIFT_ACTIVE_COMPILATION_CONDITIONS = DEBUG;
				SWIFT_OPTIMIZATION_LEVEL = "-Onone";
			};
			name = Debug;
		};
		D6D158DC23FB4EAC0013D555 /* Release */ = {
			isa = XCBuildConfiguration;
			buildSettings = {
				ALWAYS_SEARCH_USER_PATHS = NO;
				CLANG_ANALYZER_NONNULL = YES;
				CLANG_ANALYZER_NUMBER_OBJECT_CONVERSION = YES_AGGRESSIVE;
				CLANG_CXX_LANGUAGE_STANDARD = "gnu++14";
				CLANG_CXX_LIBRARY = "libc++";
				CLANG_ENABLE_MODULES = YES;
				CLANG_ENABLE_OBJC_ARC = YES;
				CLANG_ENABLE_OBJC_WEAK = YES;
				CLANG_WARN_BLOCK_CAPTURE_AUTORELEASING = YES;
				CLANG_WARN_BOOL_CONVERSION = YES;
				CLANG_WARN_COMMA = YES;
				CLANG_WARN_CONSTANT_CONVERSION = YES;
				CLANG_WARN_DEPRECATED_OBJC_IMPLEMENTATIONS = YES;
				CLANG_WARN_DIRECT_OBJC_ISA_USAGE = YES_ERROR;
				CLANG_WARN_DOCUMENTATION_COMMENTS = YES;
				CLANG_WARN_EMPTY_BODY = YES;
				CLANG_WARN_ENUM_CONVERSION = YES;
				CLANG_WARN_INFINITE_RECURSION = YES;
				CLANG_WARN_INT_CONVERSION = YES;
				CLANG_WARN_NON_LITERAL_NULL_CONVERSION = YES;
				CLANG_WARN_OBJC_IMPLICIT_RETAIN_SELF = YES;
				CLANG_WARN_OBJC_LITERAL_CONVERSION = YES;
				CLANG_WARN_OBJC_ROOT_CLASS = YES_ERROR;
				CLANG_WARN_RANGE_LOOP_ANALYSIS = YES;
				CLANG_WARN_STRICT_PROTOTYPES = YES;
				CLANG_WARN_SUSPICIOUS_MOVE = YES;
				CLANG_WARN_UNGUARDED_AVAILABILITY = YES_AGGRESSIVE;
				CLANG_WARN_UNREACHABLE_CODE = YES;
				CLANG_WARN__DUPLICATE_METHOD_MATCH = YES;
				COPY_PHASE_STRIP = NO;
				DEBUG_INFORMATION_FORMAT = "dwarf-with-dsym";
				ENABLE_NS_ASSERTIONS = NO;
				ENABLE_STRICT_OBJC_MSGSEND = YES;
				GCC_C_LANGUAGE_STANDARD = gnu11;
				GCC_NO_COMMON_BLOCKS = YES;
				GCC_WARN_64_TO_32_BIT_CONVERSION = YES;
				GCC_WARN_ABOUT_RETURN_TYPE = YES_ERROR;
				GCC_WARN_UNDECLARED_SELECTOR = YES;
				GCC_WARN_UNINITIALIZED_AUTOS = YES_AGGRESSIVE;
				GCC_WARN_UNUSED_FUNCTION = YES;
				GCC_WARN_UNUSED_VARIABLE = YES;
				IPHONEOS_DEPLOYMENT_TARGET = 13.2;
				MTL_ENABLE_DEBUG_INFO = NO;
				MTL_FAST_MATH = YES;
				SDKROOT = iphoneos;
				SWIFT_COMPILATION_MODE = wholemodule;
				SWIFT_OPTIMIZATION_LEVEL = "-O";
				VALIDATE_PRODUCT = YES;
			};
			name = Release;
		};
		D6D158DE23FB4EAC0013D555 /* Debug */ = {
			isa = XCBuildConfiguration;
			buildSettings = {
				ASSETCATALOG_COMPILER_APPICON_NAME = AppIcon;
				CODE_SIGN_STYLE = Automatic;
				DEVELOPMENT_ASSET_PATHS = "\"swfit_select_sort/Preview Content\"";
				DEVELOPMENT_TEAM = 8PN4R734GL;
				ENABLE_PREVIEWS = YES;
				INFOPLIST_FILE = swfit_select_sort/Info.plist;
				LD_RUNPATH_SEARCH_PATHS = (
					"$(inherited)",
					"@executable_path/Frameworks",
				);
				PRODUCT_BUNDLE_IDENTIFIER = "com.example.swfit-select-sort";
				PRODUCT_NAME = "$(TARGET_NAME)";
				SWIFT_VERSION = 5.0;
				TARGETED_DEVICE_FAMILY = "1,2";
			};
			name = Debug;
		};
		D6D158DF23FB4EAC0013D555 /* Release */ = {
			isa = XCBuildConfiguration;
			buildSettings = {
				ASSETCATALOG_COMPILER_APPICON_NAME = AppIcon;
				CODE_SIGN_STYLE = Automatic;
				DEVELOPMENT_ASSET_PATHS = "\"swfit_select_sort/Preview Content\"";
				DEVELOPMENT_TEAM = 8PN4R734GL;
				ENABLE_PREVIEWS = YES;
				INFOPLIST_FILE = swfit_select_sort/Info.plist;
				LD_RUNPATH_SEARCH_PATHS = (
					"$(inherited)",
					"@executable_path/Frameworks",
				);
				PRODUCT_BUNDLE_IDENTIFIER = "com.example.swfit-select-sort";
				PRODUCT_NAME = "$(TARGET_NAME)";
				SWIFT_VERSION = 5.0;
				TARGETED_DEVICE_FAMILY = "1,2";
			};
			name = Release;
		};
		D6D158E123FB4EAC0013D555 /* Debug */ = {
			isa = XCBuildConfiguration;
			buildSettings = {
				ALWAYS_EMBED_SWIFT_STANDARD_LIBRARIES = YES;
				BUNDLE_LOADER = "$(TEST_HOST)";
				CODE_SIGN_STYLE = Automatic;
				DEVELOPMENT_TEAM = 8PN4R734GL;
				INFOPLIST_FILE = swfit_select_sortTests/Info.plist;
				IPHONEOS_DEPLOYMENT_TARGET = 13.2;
				LD_RUNPATH_SEARCH_PATHS = (
					"$(inherited)",
					"@executable_path/Frameworks",
					"@loader_path/Frameworks",
				);
				PRODUCT_BUNDLE_IDENTIFIER = "com.example.swfit-select-sortTests";
				PRODUCT_NAME = "$(TARGET_NAME)";
				SWIFT_VERSION = 5.0;
				TARGETED_DEVICE_FAMILY = "1,2";
				TEST_HOST = "$(BUILT_PRODUCTS_DIR)/swfit_select_sort.app/swfit_select_sort";
			};
			name = Debug;
		};
		D6D158E223FB4EAC0013D555 /* Release */ = {
			isa = XCBuildConfiguration;
			buildSettings = {
				ALWAYS_EMBED_SWIFT_STANDARD_LIBRARIES = YES;
				BUNDLE_LOADER = "$(TEST_HOST)";
				CODE_SIGN_STYLE = Automatic;
				DEVELOPMENT_TEAM = 8PN4R734GL;
				INFOPLIST_FILE = swfit_select_sortTests/Info.plist;
				IPHONEOS_DEPLOYMENT_TARGET = 13.2;
				LD_RUNPATH_SEARCH_PATHS = (
					"$(inherited)",
					"@executable_path/Frameworks",
					"@loader_path/Frameworks",
				);
				PRODUCT_BUNDLE_IDENTIFIER = "com.example.swfit-select-sortTests";
				PRODUCT_NAME = "$(TARGET_NAME)";
				SWIFT_VERSION = 5.0;
				TARGETED_DEVICE_FAMILY = "1,2";
				TEST_HOST = "$(BUILT_PRODUCTS_DIR)/swfit_select_sort.app/swfit_select_sort";
			};
			name = Release;
		};
/* End XCBuildConfiguration section */

/* Begin XCConfigurationList section */
		D6D158B923FB4EA90013D555 /* Build configuration list for PBXProject "swfit_select_sort" */ = {
			isa = XCConfigurationList;
			buildConfigurations = (
				D6D158DB23FB4EAC0013D555 /* Debug */,
				D6D158DC23FB4EAC0013D555 /* Release */,
			);
			defaultConfigurationIsVisible = 0;
			defaultConfigurationName = Release;
		};
		D6D158DD23FB4EAC0013D555 /* Build configuration list for PBXNativeTarget "swfit_select_sort" */ = {
			isa = XCConfigurationList;
			buildConfigurations = (
				D6D158DE23FB4EAC0013D555 /* Debug */,
				D6D158DF23FB4EAC0013D555 /* Release */,
			);
			defaultConfigurationIsVisible = 0;
			defaultConfigurationName = Release;
		};
		D6D158E023FB4EAC0013D555 /* Build configuration list for PBXNativeTarget "swfit_select_sortTests" */ = {
			isa = XCConfigurationList;
			buildConfigurations = (
				D6D158E123FB4EAC0013D555 /* Debug */,
				D6D158E223FB4EAC0013D555 /* Release */,
			);
			defaultConfigurationIsVisible = 0;
			defaultConfigurationName = Release;
		};
/* End XCConfigurationList section */
	};
	rootObject = D6D158B623FB4EA90013D555 /* Project object */;
}
